PODS:
  - Alamofire (5.4.0)
  - ByebyeUnicode (1.1.0)
  - TYSwiftCommon (1.1.0):
    - Alamofire (~> 5.4.0)
    - ByebyeUnicode (~> 1.1.0)

DEPENDENCIES:
  - TYSwiftCommon (from `../`)

SPEC REPOS:
  trunk:
    - Alamofire
    - ByebyeUnicode

EXTERNAL SOURCES:
  TYSwiftCommon:
    :path: "../"

SPEC CHECKSUMS:
  Alamofire: 3b6a534a3df22db367e4dedeeca73d1ddfcf0e2f
  ByebyeUnicode: 517bc2fc166129f2de7acdd31704b97f83eed5e9
  TYSwiftCommon: 345ee630740b54357a39b82d6be404bffe0b768a

PODFILE CHECKSUM: 469e3bf0515133189d9e63ff6ea6c88449bc6320

COCOAPODS: 1.9.1
